
Microsoft Visual Studio Solution File, Format Version 12.00
# Visual Studio Version 17
Project("{2150E333-8FDC-42A3-9474-1A3956D46DE8}") = "CMakePredefinedTargets", "CMakePredefinedTargets", "{A173726B-9CB2-39D7-BA02-85D01F6AE6FE}"
EndProject
Project("{2150E333-8FDC-42A3-9474-1A3956D46DE8}") = "External", "External", "{DC779BD9-DAFE-31A7-BCBE-652964AD5021}"
EndProject
Project("{2150E333-8FDC-42A3-9474-1A3956D46DE8}") = "Internal", "Internal", "{3B3AE817-F02E-389F-BF9E-6A090DF723D8}"
EndProject
Project("{2150E333-8FDC-42A3-9474-1A3956D46DE8}") = "Utils", "Utils", "{636E8261-12F3-38B3-812C-EB949EE5D684}"
EndProject
Project("{8BC9CEB8-8B4A-11D0-8D11-00A0C91BC942}") = "ALL_BUILD", "ALL_BUILD.vcxproj", "{2DB97CEB-D4D1-3586-960D-0FFFB54411CC}"
	ProjectSection(ProjectDependencies) = postProject
		{BE331076-11B9-31A9-8195-08BCBF58D602} = {BE331076-11B9-31A9-8195-08BCBF58D602}
		{1FC4D414-B01D-3C44-8325-2D189C737462} = {1FC4D414-B01D-3C44-8325-2D189C737462}
		{3C99FE6C-9ADC-3F26-88A0-66BA4947502F} = {3C99FE6C-9ADC-3F26-88A0-66BA4947502F}
		{AD9D1E08-6959-3BD1-AB07-942C800F257E} = {AD9D1E08-6959-3BD1-AB07-942C800F257E}
		{60AFEC7C-3F89-3167-A869-087FCEAFC0B5} = {60AFEC7C-3F89-3167-A869-087FCEAFC0B5}
		{66A57A2A-49A7-37F5-8AB0-C6CA195F43E1} = {66A57A2A-49A7-37F5-8AB0-C6CA195F43E1}
		{B675A798-1364-3EF8-85EF-84829651A13E} = {B675A798-1364-3EF8-85EF-84829651A13E}
		{5C6C3BEA-9853-3498-ACD6-7B3A2015463C} = {5C6C3BEA-9853-3498-ACD6-7B3A2015463C}
		{FEE86FA4-E7BD-37B3-9AE5-94AF1DEE51A3} = {FEE86FA4-E7BD-37B3-9AE5-94AF1DEE51A3}
		{9FD6E470-9889-3A59-96DD-2FBAE830085B} = {9FD6E470-9889-3A59-96DD-2FBAE830085B}
		{4092C20C-4392-3E09-B99B-8F32EF2CE9D2} = {4092C20C-4392-3E09-B99B-8F32EF2CE9D2}
		{9740A232-0A54-31C4-B7B8-404006FFB0E4} = {9740A232-0A54-31C4-B7B8-404006FFB0E4}
		{1D66A8BE-450D-3B91-8E23-B96703917F1D} = {1D66A8BE-450D-3B91-8E23-B96703917F1D}
		{BD0A4FB0-4FB9-35CA-A492-37400952CF65} = {BD0A4FB0-4FB9-35CA-A492-37400952CF65}
		{0F9D8192-8F08-3A41-A56C-F56CD7A931B9} = {0F9D8192-8F08-3A41-A56C-F56CD7A931B9}
	EndProjectSection
EndProject
Project("{8BC9CEB8-8B4A-11D0-8D11-00A0C91BC942}") = "Pasur", "Pasur.vcxproj", "{BE331076-11B9-31A9-8195-08BCBF58D602}"
	ProjectSection(ProjectDependencies) = postProject
		{1FC4D414-B01D-3C44-8325-2D189C737462} = {1FC4D414-B01D-3C44-8325-2D189C737462}
		{3C99FE6C-9ADC-3F26-88A0-66BA4947502F} = {3C99FE6C-9ADC-3F26-88A0-66BA4947502F}
		{AD9D1E08-6959-3BD1-AB07-942C800F257E} = {AD9D1E08-6959-3BD1-AB07-942C800F257E}
		{60AFEC7C-3F89-3167-A869-087FCEAFC0B5} = {60AFEC7C-3F89-3167-A869-087FCEAFC0B5}
		{66A57A2A-49A7-37F5-8AB0-C6CA195F43E1} = {66A57A2A-49A7-37F5-8AB0-C6CA195F43E1}
		{B675A798-1364-3EF8-85EF-84829651A13E} = {B675A798-1364-3EF8-85EF-84829651A13E}
		{5C6C3BEA-9853-3498-ACD6-7B3A2015463C} = {5C6C3BEA-9853-3498-ACD6-7B3A2015463C}
		{FEE86FA4-E7BD-37B3-9AE5-94AF1DEE51A3} = {FEE86FA4-E7BD-37B3-9AE5-94AF1DEE51A3}
		{9FD6E470-9889-3A59-96DD-2FBAE830085B} = {9FD6E470-9889-3A59-96DD-2FBAE830085B}
		{4092C20C-4392-3E09-B99B-8F32EF2CE9D2} = {4092C20C-4392-3E09-B99B-8F32EF2CE9D2}
		{9740A232-0A54-31C4-B7B8-404006FFB0E4} = {9740A232-0A54-31C4-B7B8-404006FFB0E4}
		{1D66A8BE-450D-3B91-8E23-B96703917F1D} = {1D66A8BE-450D-3B91-8E23-B96703917F1D}
		{BD0A4FB0-4FB9-35CA-A492-37400952CF65} = {BD0A4FB0-4FB9-35CA-A492-37400952CF65}
		{0F9D8192-8F08-3A41-A56C-F56CD7A931B9} = {0F9D8192-8F08-3A41-A56C-F56CD7A931B9}
	EndProjectSection
EndProject
Project("{8BC9CEB8-8B4A-11D0-8D11-00A0C91BC942}") = "SYNC_RESOURCE-Pasur", "SYNC_RESOURCE-Pasur.vcxproj", "{1FC4D414-B01D-3C44-8325-2D189C737462}"
	ProjectSection(ProjectDependencies) = postProject
		{3C99FE6C-9ADC-3F26-88A0-66BA4947502F} = {3C99FE6C-9ADC-3F26-88A0-66BA4947502F}
	EndProjectSection
EndProject
Project("{8BC9CEB8-8B4A-11D0-8D11-00A0C91BC942}") = "ZERO_CHECK", "ZERO_CHECK.vcxproj", "{3C99FE6C-9ADC-3F26-88A0-66BA4947502F}"
	ProjectSection(ProjectDependencies) = postProject
	EndProjectSection
EndProject
Project("{8BC9CEB8-8B4A-11D0-8D11-00A0C91BC942}") = "cocos2d", "engine\cocos\core\cocos2d.vcxproj", "{AD9D1E08-6959-3BD1-AB07-942C800F257E}"
	ProjectSection(ProjectDependencies) = postProject
		{3C99FE6C-9ADC-3F26-88A0-66BA4947502F} = {3C99FE6C-9ADC-3F26-88A0-66BA4947502F}
		{60AFEC7C-3F89-3167-A869-087FCEAFC0B5} = {60AFEC7C-3F89-3167-A869-087FCEAFC0B5}
		{66A57A2A-49A7-37F5-8AB0-C6CA195F43E1} = {66A57A2A-49A7-37F5-8AB0-C6CA195F43E1}
		{B675A798-1364-3EF8-85EF-84829651A13E} = {B675A798-1364-3EF8-85EF-84829651A13E}
		{5C6C3BEA-9853-3498-ACD6-7B3A2015463C} = {5C6C3BEA-9853-3498-ACD6-7B3A2015463C}
		{FEE86FA4-E7BD-37B3-9AE5-94AF1DEE51A3} = {FEE86FA4-E7BD-37B3-9AE5-94AF1DEE51A3}
		{9FD6E470-9889-3A59-96DD-2FBAE830085B} = {9FD6E470-9889-3A59-96DD-2FBAE830085B}
		{4092C20C-4392-3E09-B99B-8F32EF2CE9D2} = {4092C20C-4392-3E09-B99B-8F32EF2CE9D2}
		{9740A232-0A54-31C4-B7B8-404006FFB0E4} = {9740A232-0A54-31C4-B7B8-404006FFB0E4}
		{1D66A8BE-450D-3B91-8E23-B96703917F1D} = {1D66A8BE-450D-3B91-8E23-B96703917F1D}
		{BD0A4FB0-4FB9-35CA-A492-37400952CF65} = {BD0A4FB0-4FB9-35CA-A492-37400952CF65}
		{0F9D8192-8F08-3A41-A56C-F56CD7A931B9} = {0F9D8192-8F08-3A41-A56C-F56CD7A931B9}
	EndProjectSection
EndProject
Project("{8BC9CEB8-8B4A-11D0-8D11-00A0C91BC942}") = "ext_clipper", "engine\external\clipper\ext_clipper.vcxproj", "{60AFEC7C-3F89-3167-A869-087FCEAFC0B5}"
	ProjectSection(ProjectDependencies) = postProject
		{3C99FE6C-9ADC-3F26-88A0-66BA4947502F} = {3C99FE6C-9ADC-3F26-88A0-66BA4947502F}
	EndProjectSection
EndProject
Project("{8BC9CEB8-8B4A-11D0-8D11-00A0C91BC942}") = "ext_convertUTF", "engine\external\ConvertUTF\ext_convertUTF.vcxproj", "{66A57A2A-49A7-37F5-8AB0-C6CA195F43E1}"
	ProjectSection(ProjectDependencies) = postProject
		{3C99FE6C-9ADC-3F26-88A0-66BA4947502F} = {3C99FE6C-9ADC-3F26-88A0-66BA4947502F}
	EndProjectSection
EndProject
Project("{8BC9CEB8-8B4A-11D0-8D11-00A0C91BC942}") = "ext_edtaa3func", "engine\external\edtaa3func\ext_edtaa3func.vcxproj", "{B675A798-1364-3EF8-85EF-84829651A13E}"
	ProjectSection(ProjectDependencies) = postProject
		{3C99FE6C-9ADC-3F26-88A0-66BA4947502F} = {3C99FE6C-9ADC-3F26-88A0-66BA4947502F}
	EndProjectSection
EndProject
Project("{8BC9CEB8-8B4A-11D0-8D11-00A0C91BC942}") = "ext_md5", "engine\external\md5\ext_md5.vcxproj", "{5C6C3BEA-9853-3498-ACD6-7B3A2015463C}"
	ProjectSection(ProjectDependencies) = postProject
		{3C99FE6C-9ADC-3F26-88A0-66BA4947502F} = {3C99FE6C-9ADC-3F26-88A0-66BA4947502F}
	EndProjectSection
EndProject
Project("{8BC9CEB8-8B4A-11D0-8D11-00A0C91BC942}") = "ext_poly2tri", "engine\external\poly2tri\ext_poly2tri.vcxproj", "{FEE86FA4-E7BD-37B3-9AE5-94AF1DEE51A3}"
	ProjectSection(ProjectDependencies) = postProject
		{3C99FE6C-9ADC-3F26-88A0-66BA4947502F} = {3C99FE6C-9ADC-3F26-88A0-66BA4947502F}
	EndProjectSection
EndProject
Project("{8BC9CEB8-8B4A-11D0-8D11-00A0C91BC942}") = "ext_recast", "engine\external\recast\ext_recast.vcxproj", "{9FD6E470-9889-3A59-96DD-2FBAE830085B}"
	ProjectSection(ProjectDependencies) = postProject
		{3C99FE6C-9ADC-3F26-88A0-66BA4947502F} = {3C99FE6C-9ADC-3F26-88A0-66BA4947502F}
	EndProjectSection
EndProject
Project("{8BC9CEB8-8B4A-11D0-8D11-00A0C91BC942}") = "ext_tinyxml2", "engine\external\tinyxml2\ext_tinyxml2.vcxproj", "{4092C20C-4392-3E09-B99B-8F32EF2CE9D2}"
	ProjectSection(ProjectDependencies) = postProject
		{3C99FE6C-9ADC-3F26-88A0-66BA4947502F} = {3C99FE6C-9ADC-3F26-88A0-66BA4947502F}
	EndProjectSection
EndProject
Project("{8BC9CEB8-8B4A-11D0-8D11-00A0C91BC942}") = "ext_unzip", "engine\external\unzip\ext_unzip.vcxproj", "{9740A232-0A54-31C4-B7B8-404006FFB0E4}"
	ProjectSection(ProjectDependencies) = postProject
		{3C99FE6C-9ADC-3F26-88A0-66BA4947502F} = {3C99FE6C-9ADC-3F26-88A0-66BA4947502F}
	EndProjectSection
EndProject
Project("{8BC9CEB8-8B4A-11D0-8D11-00A0C91BC942}") = "ext_xxhash", "engine\external\xxhash\ext_xxhash.vcxproj", "{1D66A8BE-450D-3B91-8E23-B96703917F1D}"
	ProjectSection(ProjectDependencies) = postProject
		{3C99FE6C-9ADC-3F26-88A0-66BA4947502F} = {3C99FE6C-9ADC-3F26-88A0-66BA4947502F}
	EndProjectSection
EndProject
Project("{8BC9CEB8-8B4A-11D0-8D11-00A0C91BC942}") = "ext_xxtea", "engine\external\xxtea\ext_xxtea.vcxproj", "{BD0A4FB0-4FB9-35CA-A492-37400952CF65}"
	ProjectSection(ProjectDependencies) = postProject
		{3C99FE6C-9ADC-3F26-88A0-66BA4947502F} = {3C99FE6C-9ADC-3F26-88A0-66BA4947502F}
	EndProjectSection
EndProject
Project("{8BC9CEB8-8B4A-11D0-8D11-00A0C91BC942}") = "external", "engine\external\external.vcxproj", "{0F9D8192-8F08-3A41-A56C-F56CD7A931B9}"
	ProjectSection(ProjectDependencies) = postProject
		{3C99FE6C-9ADC-3F26-88A0-66BA4947502F} = {3C99FE6C-9ADC-3F26-88A0-66BA4947502F}
		{60AFEC7C-3F89-3167-A869-087FCEAFC0B5} = {60AFEC7C-3F89-3167-A869-087FCEAFC0B5}
		{66A57A2A-49A7-37F5-8AB0-C6CA195F43E1} = {66A57A2A-49A7-37F5-8AB0-C6CA195F43E1}
		{B675A798-1364-3EF8-85EF-84829651A13E} = {B675A798-1364-3EF8-85EF-84829651A13E}
		{5C6C3BEA-9853-3498-ACD6-7B3A2015463C} = {5C6C3BEA-9853-3498-ACD6-7B3A2015463C}
		{FEE86FA4-E7BD-37B3-9AE5-94AF1DEE51A3} = {FEE86FA4-E7BD-37B3-9AE5-94AF1DEE51A3}
		{9FD6E470-9889-3A59-96DD-2FBAE830085B} = {9FD6E470-9889-3A59-96DD-2FBAE830085B}
		{4092C20C-4392-3E09-B99B-8F32EF2CE9D2} = {4092C20C-4392-3E09-B99B-8F32EF2CE9D2}
		{9740A232-0A54-31C4-B7B8-404006FFB0E4} = {9740A232-0A54-31C4-B7B8-404006FFB0E4}
		{1D66A8BE-450D-3B91-8E23-B96703917F1D} = {1D66A8BE-450D-3B91-8E23-B96703917F1D}
		{BD0A4FB0-4FB9-35CA-A492-37400952CF65} = {BD0A4FB0-4FB9-35CA-A492-37400952CF65}
	EndProjectSection
EndProject
Global
	GlobalSection(SolutionConfigurationPlatforms) = preSolution
		Debug|Win32 = Debug|Win32
		Release|Win32 = Release|Win32
		MinSizeRel|Win32 = MinSizeRel|Win32
		RelWithDebInfo|Win32 = RelWithDebInfo|Win32
	EndGlobalSection
	GlobalSection(ProjectConfigurationPlatforms) = postSolution
		{2DB97CEB-D4D1-3586-960D-0FFFB54411CC}.Debug|Win32.ActiveCfg = Debug|Win32
		{2DB97CEB-D4D1-3586-960D-0FFFB54411CC}.Release|Win32.ActiveCfg = Release|Win32
		{2DB97CEB-D4D1-3586-960D-0FFFB54411CC}.MinSizeRel|Win32.ActiveCfg = MinSizeRel|Win32
		{2DB97CEB-D4D1-3586-960D-0FFFB54411CC}.RelWithDebInfo|Win32.ActiveCfg = RelWithDebInfo|Win32
		{BE331076-11B9-31A9-8195-08BCBF58D602}.Debug|Win32.ActiveCfg = Debug|Win32
		{BE331076-11B9-31A9-8195-08BCBF58D602}.Debug|Win32.Build.0 = Debug|Win32
		{BE331076-11B9-31A9-8195-08BCBF58D602}.Release|Win32.ActiveCfg = Release|Win32
		{BE331076-11B9-31A9-8195-08BCBF58D602}.Release|Win32.Build.0 = Release|Win32
		{BE331076-11B9-31A9-8195-08BCBF58D602}.MinSizeRel|Win32.ActiveCfg = MinSizeRel|Win32
		{BE331076-11B9-31A9-8195-08BCBF58D602}.MinSizeRel|Win32.Build.0 = MinSizeRel|Win32
		{BE331076-11B9-31A9-8195-08BCBF58D602}.RelWithDebInfo|Win32.ActiveCfg = RelWithDebInfo|Win32
		{BE331076-11B9-31A9-8195-08BCBF58D602}.RelWithDebInfo|Win32.Build.0 = RelWithDebInfo|Win32
		{1FC4D414-B01D-3C44-8325-2D189C737462}.Debug|Win32.ActiveCfg = Debug|Win32
		{1FC4D414-B01D-3C44-8325-2D189C737462}.Debug|Win32.Build.0 = Debug|Win32
		{1FC4D414-B01D-3C44-8325-2D189C737462}.Release|Win32.ActiveCfg = Release|Win32
		{1FC4D414-B01D-3C44-8325-2D189C737462}.Release|Win32.Build.0 = Release|Win32
		{1FC4D414-B01D-3C44-8325-2D189C737462}.MinSizeRel|Win32.ActiveCfg = MinSizeRel|Win32
		{1FC4D414-B01D-3C44-8325-2D189C737462}.MinSizeRel|Win32.Build.0 = MinSizeRel|Win32
		{1FC4D414-B01D-3C44-8325-2D189C737462}.RelWithDebInfo|Win32.ActiveCfg = RelWithDebInfo|Win32
		{1FC4D414-B01D-3C44-8325-2D189C737462}.RelWithDebInfo|Win32.Build.0 = RelWithDebInfo|Win32
		{3C99FE6C-9ADC-3F26-88A0-66BA4947502F}.Debug|Win32.ActiveCfg = Debug|Win32
		{3C99FE6C-9ADC-3F26-88A0-66BA4947502F}.Debug|Win32.Build.0 = Debug|Win32
		{3C99FE6C-9ADC-3F26-88A0-66BA4947502F}.Release|Win32.ActiveCfg = Release|Win32
		{3C99FE6C-9ADC-3F26-88A0-66BA4947502F}.Release|Win32.Build.0 = Release|Win32
		{3C99FE6C-9ADC-3F26-88A0-66BA4947502F}.MinSizeRel|Win32.ActiveCfg = MinSizeRel|Win32
		{3C99FE6C-9ADC-3F26-88A0-66BA4947502F}.MinSizeRel|Win32.Build.0 = MinSizeRel|Win32
		{3C99FE6C-9ADC-3F26-88A0-66BA4947502F}.RelWithDebInfo|Win32.ActiveCfg = RelWithDebInfo|Win32
		{3C99FE6C-9ADC-3F26-88A0-66BA4947502F}.RelWithDebInfo|Win32.Build.0 = RelWithDebInfo|Win32
		{AD9D1E08-6959-3BD1-AB07-942C800F257E}.Debug|Win32.ActiveCfg = Debug|Win32
		{AD9D1E08-6959-3BD1-AB07-942C800F257E}.Debug|Win32.Build.0 = Debug|Win32
		{AD9D1E08-6959-3BD1-AB07-942C800F257E}.Release|Win32.ActiveCfg = Release|Win32
		{AD9D1E08-6959-3BD1-AB07-942C800F257E}.Release|Win32.Build.0 = Release|Win32
		{AD9D1E08-6959-3BD1-AB07-942C800F257E}.MinSizeRel|Win32.ActiveCfg = MinSizeRel|Win32
		{AD9D1E08-6959-3BD1-AB07-942C800F257E}.MinSizeRel|Win32.Build.0 = MinSizeRel|Win32
		{AD9D1E08-6959-3BD1-AB07-942C800F257E}.RelWithDebInfo|Win32.ActiveCfg = RelWithDebInfo|Win32
		{AD9D1E08-6959-3BD1-AB07-942C800F257E}.RelWithDebInfo|Win32.Build.0 = RelWithDebInfo|Win32
		{60AFEC7C-3F89-3167-A869-087FCEAFC0B5}.Debug|Win32.ActiveCfg = Debug|Win32
		{60AFEC7C-3F89-3167-A869-087FCEAFC0B5}.Debug|Win32.Build.0 = Debug|Win32
		{60AFEC7C-3F89-3167-A869-087FCEAFC0B5}.Release|Win32.ActiveCfg = Release|Win32
		{60AFEC7C-3F89-3167-A869-087FCEAFC0B5}.Release|Win32.Build.0 = Release|Win32
		{60AFEC7C-3F89-3167-A869-087FCEAFC0B5}.MinSizeRel|Win32.ActiveCfg = MinSizeRel|Win32
		{60AFEC7C-3F89-3167-A869-087FCEAFC0B5}.MinSizeRel|Win32.Build.0 = MinSizeRel|Win32
		{60AFEC7C-3F89-3167-A869-087FCEAFC0B5}.RelWithDebInfo|Win32.ActiveCfg = RelWithDebInfo|Win32
		{60AFEC7C-3F89-3167-A869-087FCEAFC0B5}.RelWithDebInfo|Win32.Build.0 = RelWithDebInfo|Win32
		{66A57A2A-49A7-37F5-8AB0-C6CA195F43E1}.Debug|Win32.ActiveCfg = Debug|Win32
		{66A57A2A-49A7-37F5-8AB0-C6CA195F43E1}.Debug|Win32.Build.0 = Debug|Win32
		{66A57A2A-49A7-37F5-8AB0-C6CA195F43E1}.Release|Win32.ActiveCfg = Release|Win32
		{66A57A2A-49A7-37F5-8AB0-C6CA195F43E1}.Release|Win32.Build.0 = Release|Win32
		{66A57A2A-49A7-37F5-8AB0-C6CA195F43E1}.MinSizeRel|Win32.ActiveCfg = MinSizeRel|Win32
		{66A57A2A-49A7-37F5-8AB0-C6CA195F43E1}.MinSizeRel|Win32.Build.0 = MinSizeRel|Win32
		{66A57A2A-49A7-37F5-8AB0-C6CA195F43E1}.RelWithDebInfo|Win32.ActiveCfg = RelWithDebInfo|Win32
		{66A57A2A-49A7-37F5-8AB0-C6CA195F43E1}.RelWithDebInfo|Win32.Build.0 = RelWithDebInfo|Win32
		{B675A798-1364-3EF8-85EF-84829651A13E}.Debug|Win32.ActiveCfg = Debug|Win32
		{B675A798-1364-3EF8-85EF-84829651A13E}.Debug|Win32.Build.0 = Debug|Win32
		{B675A798-1364-3EF8-85EF-84829651A13E}.Release|Win32.ActiveCfg = Release|Win32
		{B675A798-1364-3EF8-85EF-84829651A13E}.Release|Win32.Build.0 = Release|Win32
		{B675A798-1364-3EF8-85EF-84829651A13E}.MinSizeRel|Win32.ActiveCfg = MinSizeRel|Win32
		{B675A798-1364-3EF8-85EF-84829651A13E}.MinSizeRel|Win32.Build.0 = MinSizeRel|Win32
		{B675A798-1364-3EF8-85EF-84829651A13E}.RelWithDebInfo|Win32.ActiveCfg = RelWithDebInfo|Win32
		{B675A798-1364-3EF8-85EF-84829651A13E}.RelWithDebInfo|Win32.Build.0 = RelWithDebInfo|Win32
		{5C6C3BEA-9853-3498-ACD6-7B3A2015463C}.Debug|Win32.ActiveCfg = Debug|Win32
		{5C6C3BEA-9853-3498-ACD6-7B3A2015463C}.Debug|Win32.Build.0 = Debug|Win32
		{5C6C3BEA-9853-3498-ACD6-7B3A2015463C}.Release|Win32.ActiveCfg = Release|Win32
		{5C6C3BEA-9853-3498-ACD6-7B3A2015463C}.Release|Win32.Build.0 = Release|Win32
		{5C6C3BEA-9853-3498-ACD6-7B3A2015463C}.MinSizeRel|Win32.ActiveCfg = MinSizeRel|Win32
		{5C6C3BEA-9853-3498-ACD6-7B3A2015463C}.MinSizeRel|Win32.Build.0 = MinSizeRel|Win32
		{5C6C3BEA-9853-3498-ACD6-7B3A2015463C}.RelWithDebInfo|Win32.ActiveCfg = RelWithDebInfo|Win32
		{5C6C3BEA-9853-3498-ACD6-7B3A2015463C}.RelWithDebInfo|Win32.Build.0 = RelWithDebInfo|Win32
		{FEE86FA4-E7BD-37B3-9AE5-94AF1DEE51A3}.Debug|Win32.ActiveCfg = Debug|Win32
		{FEE86FA4-E7BD-37B3-9AE5-94AF1DEE51A3}.Debug|Win32.Build.0 = Debug|Win32
		{FEE86FA4-E7BD-37B3-9AE5-94AF1DEE51A3}.Release|Win32.ActiveCfg = Release|Win32
		{FEE86FA4-E7BD-37B3-9AE5-94AF1DEE51A3}.Release|Win32.Build.0 = Release|Win32
		{FEE86FA4-E7BD-37B3-9AE5-94AF1DEE51A3}.MinSizeRel|Win32.ActiveCfg = MinSizeRel|Win32
		{FEE86FA4-E7BD-37B3-9AE5-94AF1DEE51A3}.MinSizeRel|Win32.Build.0 = MinSizeRel|Win32
		{FEE86FA4-E7BD-37B3-9AE5-94AF1DEE51A3}.RelWithDebInfo|Win32.ActiveCfg = RelWithDebInfo|Win32
		{FEE86FA4-E7BD-37B3-9AE5-94AF1DEE51A3}.RelWithDebInfo|Win32.Build.0 = RelWithDebInfo|Win32
		{9FD6E470-9889-3A59-96DD-2FBAE830085B}.Debug|Win32.ActiveCfg = Debug|Win32
		{9FD6E470-9889-3A59-96DD-2FBAE830085B}.Debug|Win32.Build.0 = Debug|Win32
		{9FD6E470-9889-3A59-96DD-2FBAE830085B}.Release|Win32.ActiveCfg = Release|Win32
		{9FD6E470-9889-3A59-96DD-2FBAE830085B}.Release|Win32.Build.0 = Release|Win32
		{9FD6E470-9889-3A59-96DD-2FBAE830085B}.MinSizeRel|Win32.ActiveCfg = MinSizeRel|Win32
		{9FD6E470-9889-3A59-96DD-2FBAE830085B}.MinSizeRel|Win32.Build.0 = MinSizeRel|Win32
		{9FD6E470-9889-3A59-96DD-2FBAE830085B}.RelWithDebInfo|Win32.ActiveCfg = RelWithDebInfo|Win32
		{9FD6E470-9889-3A59-96DD-2FBAE830085B}.RelWithDebInfo|Win32.Build.0 = RelWithDebInfo|Win32
		{4092C20C-4392-3E09-B99B-8F32EF2CE9D2}.Debug|Win32.ActiveCfg = Debug|Win32
		{4092C20C-4392-3E09-B99B-8F32EF2CE9D2}.Debug|Win32.Build.0 = Debug|Win32
		{4092C20C-4392-3E09-B99B-8F32EF2CE9D2}.Release|Win32.ActiveCfg = Release|Win32
		{4092C20C-4392-3E09-B99B-8F32EF2CE9D2}.Release|Win32.Build.0 = Release|Win32
		{4092C20C-4392-3E09-B99B-8F32EF2CE9D2}.MinSizeRel|Win32.ActiveCfg = MinSizeRel|Win32
		{4092C20C-4392-3E09-B99B-8F32EF2CE9D2}.MinSizeRel|Win32.Build.0 = MinSizeRel|Win32
		{4092C20C-4392-3E09-B99B-8F32EF2CE9D2}.RelWithDebInfo|Win32.ActiveCfg = RelWithDebInfo|Win32
		{4092C20C-4392-3E09-B99B-8F32EF2CE9D2}.RelWithDebInfo|Win32.Build.0 = RelWithDebInfo|Win32
		{9740A232-0A54-31C4-B7B8-404006FFB0E4}.Debug|Win32.ActiveCfg = Debug|Win32
		{9740A232-0A54-31C4-B7B8-404006FFB0E4}.Debug|Win32.Build.0 = Debug|Win32
		{9740A232-0A54-31C4-B7B8-404006FFB0E4}.Release|Win32.ActiveCfg = Release|Win32
		{9740A232-0A54-31C4-B7B8-404006FFB0E4}.Release|Win32.Build.0 = Release|Win32
		{9740A232-0A54-31C4-B7B8-404006FFB0E4}.MinSizeRel|Win32.ActiveCfg = MinSizeRel|Win32
		{9740A232-0A54-31C4-B7B8-404006FFB0E4}.MinSizeRel|Win32.Build.0 = MinSizeRel|Win32
		{9740A232-0A54-31C4-B7B8-404006FFB0E4}.RelWithDebInfo|Win32.ActiveCfg = RelWithDebInfo|Win32
		{9740A232-0A54-31C4-B7B8-404006FFB0E4}.RelWithDebInfo|Win32.Build.0 = RelWithDebInfo|Win32
		{1D66A8BE-450D-3B91-8E23-B96703917F1D}.Debug|Win32.ActiveCfg = Debug|Win32
		{1D66A8BE-450D-3B91-8E23-B96703917F1D}.Debug|Win32.Build.0 = Debug|Win32
		{1D66A8BE-450D-3B91-8E23-B96703917F1D}.Release|Win32.ActiveCfg = Release|Win32
		{1D66A8BE-450D-3B91-8E23-B96703917F1D}.Release|Win32.Build.0 = Release|Win32
		{1D66A8BE-450D-3B91-8E23-B96703917F1D}.MinSizeRel|Win32.ActiveCfg = MinSizeRel|Win32
		{1D66A8BE-450D-3B91-8E23-B96703917F1D}.MinSizeRel|Win32.Build.0 = MinSizeRel|Win32
		{1D66A8BE-450D-3B91-8E23-B96703917F1D}.RelWithDebInfo|Win32.ActiveCfg = RelWithDebInfo|Win32
		{1D66A8BE-450D-3B91-8E23-B96703917F1D}.RelWithDebInfo|Win32.Build.0 = RelWithDebInfo|Win32
		{BD0A4FB0-4FB9-35CA-A492-37400952CF65}.Debug|Win32.ActiveCfg = Debug|Win32
		{BD0A4FB0-4FB9-35CA-A492-37400952CF65}.Debug|Win32.Build.0 = Debug|Win32
		{BD0A4FB0-4FB9-35CA-A492-37400952CF65}.Release|Win32.ActiveCfg = Release|Win32
		{BD0A4FB0-4FB9-35CA-A492-37400952CF65}.Release|Win32.Build.0 = Release|Win32
		{BD0A4FB0-4FB9-35CA-A492-37400952CF65}.MinSizeRel|Win32.ActiveCfg = MinSizeRel|Win32
		{BD0A4FB0-4FB9-35CA-A492-37400952CF65}.MinSizeRel|Win32.Build.0 = MinSizeRel|Win32
		{BD0A4FB0-4FB9-35CA-A492-37400952CF65}.RelWithDebInfo|Win32.ActiveCfg = RelWithDebInfo|Win32
		{BD0A4FB0-4FB9-35CA-A492-37400952CF65}.RelWithDebInfo|Win32.Build.0 = RelWithDebInfo|Win32
		{0F9D8192-8F08-3A41-A56C-F56CD7A931B9}.Debug|Win32.ActiveCfg = Debug|Win32
		{0F9D8192-8F08-3A41-A56C-F56CD7A931B9}.Debug|Win32.Build.0 = Debug|Win32
		{0F9D8192-8F08-3A41-A56C-F56CD7A931B9}.Release|Win32.ActiveCfg = Release|Win32
		{0F9D8192-8F08-3A41-A56C-F56CD7A931B9}.Release|Win32.Build.0 = Release|Win32
		{0F9D8192-8F08-3A41-A56C-F56CD7A931B9}.MinSizeRel|Win32.ActiveCfg = MinSizeRel|Win32
		{0F9D8192-8F08-3A41-A56C-F56CD7A931B9}.MinSizeRel|Win32.Build.0 = MinSizeRel|Win32
		{0F9D8192-8F08-3A41-A56C-F56CD7A931B9}.RelWithDebInfo|Win32.ActiveCfg = RelWithDebInfo|Win32
		{0F9D8192-8F08-3A41-A56C-F56CD7A931B9}.RelWithDebInfo|Win32.Build.0 = RelWithDebInfo|Win32
	EndGlobalSection
	GlobalSection(NestedProjects) = preSolution
		{2DB97CEB-D4D1-3586-960D-0FFFB54411CC} = {A173726B-9CB2-39D7-BA02-85D01F6AE6FE}
		{3C99FE6C-9ADC-3F26-88A0-66BA4947502F} = {A173726B-9CB2-39D7-BA02-85D01F6AE6FE}
		{60AFEC7C-3F89-3167-A869-087FCEAFC0B5} = {DC779BD9-DAFE-31A7-BCBE-652964AD5021}
		{66A57A2A-49A7-37F5-8AB0-C6CA195F43E1} = {DC779BD9-DAFE-31A7-BCBE-652964AD5021}
		{B675A798-1364-3EF8-85EF-84829651A13E} = {DC779BD9-DAFE-31A7-BCBE-652964AD5021}
		{5C6C3BEA-9853-3498-ACD6-7B3A2015463C} = {DC779BD9-DAFE-31A7-BCBE-652964AD5021}
		{FEE86FA4-E7BD-37B3-9AE5-94AF1DEE51A3} = {DC779BD9-DAFE-31A7-BCBE-652964AD5021}
		{9FD6E470-9889-3A59-96DD-2FBAE830085B} = {DC779BD9-DAFE-31A7-BCBE-652964AD5021}
		{4092C20C-4392-3E09-B99B-8F32EF2CE9D2} = {DC779BD9-DAFE-31A7-BCBE-652964AD5021}
		{9740A232-0A54-31C4-B7B8-404006FFB0E4} = {DC779BD9-DAFE-31A7-BCBE-652964AD5021}
		{1D66A8BE-450D-3B91-8E23-B96703917F1D} = {DC779BD9-DAFE-31A7-BCBE-652964AD5021}
		{BD0A4FB0-4FB9-35CA-A492-37400952CF65} = {DC779BD9-DAFE-31A7-BCBE-652964AD5021}
		{0F9D8192-8F08-3A41-A56C-F56CD7A931B9} = {DC779BD9-DAFE-31A7-BCBE-652964AD5021}
		{AD9D1E08-6959-3BD1-AB07-942C800F257E} = {3B3AE817-F02E-389F-BF9E-6A090DF723D8}
		{1FC4D414-B01D-3C44-8325-2D189C737462} = {636E8261-12F3-38B3-812C-EB949EE5D684}
	EndGlobalSection
	GlobalSection(ExtensibilityGlobals) = postSolution
		SolutionGuid = {DB500972-E31B-3185-B3D7-06CC8FC23DF4}
	EndGlobalSection
	GlobalSection(ExtensibilityAddIns) = postSolution
	EndGlobalSection
EndGlobal
